// !$*UTF8*$!
{
	archiveVersion = 1;
	classes = {
	};
	objectVersion = 56;
	objects = {

/* Begin PBXBuildFile section */
		BF45FDE52AFAE46000385CC7 /* Oscillator.cpp in Sources */ = {isa = PBXBuildFile; fileRef = BF45FDE32AFAE46000385CC7 /* Oscillator.cpp */; };
		BF6D23CD2AF8098A0026AD54 /* main.cpp in Sources */ = {isa = PBXBuildFile; fileRef = BF6D23CC2AF8098A0026AD54 /* main.cpp */; };
		BF6D23D72AF81BAF0026AD54 /* CoreAudio.framework in Frameworks */ = {isa = PBXBuildFile; fileRef = BF6D23D62AF81BAF0026AD54 /* CoreAudio.framework */; };
		BF6D23D92AF81BBA0026AD54 /* AudioToolbox.framework in Frameworks */ = {isa = PBXBuildFile; fileRef = BF6D23D82AF81BBA0026AD54 /* AudioToolbox.framework */; };
		BF6D23DB2AF81BC50026AD54 /* AudioUnit.framework in Frameworks */ = {isa = PBXBuildFile; fileRef = BF6D23DA2AF81BC50026AD54 /* AudioUnit.framework */; };
		BF6D23DD2AF81BD10026AD54 /* CoreServices.framework in Frameworks */ = {isa = PBXBuildFile; fileRef = BF6D23DC2AF81BD10026AD54 /* CoreServices.framework */; };
		BF6D23DF2AF81BDA0026AD54 /* Carbon.framework in Frameworks */ = {isa = PBXBuildFile; fileRef = BF6D23DE2AF81BDA0026AD54 /* Carbon.framework */; };
		BF6D23E12AF820460026AD54 /* CoreFoundation.framework in Frameworks */ = {isa = PBXBuildFile; fileRef = BF6D23E02AF820460026AD54 /* CoreFoundation.framework */; };
		BF6D23E42AF824C70026AD54 /* audio_io.cpp in Sources */ = {isa = PBXBuildFile; fileRef = BF6D23E22AF824C70026AD54 /* audio_io.cpp */; };
		BF6F1C472AFCEE5D00EA353F /* Synthesizer.cpp in Sources */ = {isa = PBXBuildFile; fileRef = BF6F1C452AFCEE5D00EA353F /* Synthesizer.cpp */; };
		BFDE8AFA2AF82BA00009808E /* libportaudio.a in Frameworks */ = {isa = PBXBuildFile; fileRef = BF6D23D42AF80BD10026AD54 /* libportaudio.a */; };
/* End PBXBuildFile section */

/* Begin PBXCopyFilesBuildPhase section */
		BF6D23C72AF8098A0026AD54 /* CopyFiles */ = {
			isa = PBXCopyFilesBuildPhase;
			buildActionMask = 2147483647;
			dstPath = /usr/share/man/man1/;
			dstSubfolderSpec = 0;
			files = (
			);
			runOnlyForDeploymentPostprocessing = 1;
		};
/* End PBXCopyFilesBuildPhase section */

/* Begin PBXFileReference section */
		BF45FDE32AFAE46000385CC7 /* Oscillator.cpp */ = {isa = PBXFileReference; lastKnownFileType = sourcecode.cpp.cpp; path = Oscillator.cpp; sourceTree = "<group>"; };
		BF45FDE42AFAE46000385CC7 /* Oscillator.hpp */ = {isa = PBXFileReference; lastKnownFileType = sourcecode.cpp.h; path = Oscillator.hpp; sourceTree = "<group>"; };
		BF45FDE72AFAE73A00385CC7 /* Constants.hpp */ = {isa = PBXFileReference; lastKnownFileType = sourcecode.cpp.h; path = Constants.hpp; sourceTree = "<group>"; };
		BF6D23C92AF8098A0026AD54 /* SynthSong */ = {isa = PBXFileReference; explicitFileType = "compiled.mach-o.executable"; includeInIndex = 0; path = SynthSong; sourceTree = BUILT_PRODUCTS_DIR; };
		BF6D23CC2AF8098A0026AD54 /* main.cpp */ = {isa = PBXFileReference; lastKnownFileType = sourcecode.cpp.cpp; path = main.cpp; sourceTree = "<group>"; };
		BF6D23D42AF80BD10026AD54 /* libportaudio.a */ = {isa = PBXFileReference; lastKnownFileType = archive.ar; name = libportaudio.a; path = ../../../../../../../../usr/local/lib/libportaudio.a; sourceTree = "<group>"; };
		BF6D23D62AF81BAF0026AD54 /* CoreAudio.framework */ = {isa = PBXFileReference; lastKnownFileType = wrapper.framework; name = CoreAudio.framework; path = System/Library/Frameworks/CoreAudio.framework; sourceTree = SDKROOT; };
		BF6D23D82AF81BBA0026AD54 /* AudioToolbox.framework */ = {isa = PBXFileReference; lastKnownFileType = wrapper.framework; name = AudioToolbox.framework; path = System/Library/Frameworks/AudioToolbox.framework; sourceTree = SDKROOT; };
		BF6D23DA2AF81BC50026AD54 /* AudioUnit.framework */ = {isa = PBXFileReference; lastKnownFileType = wrapper.framework; name = AudioUnit.framework; path = System/Library/Frameworks/AudioUnit.framework; sourceTree = SDKROOT; };
		BF6D23DC2AF81BD10026AD54 /* CoreServices.framework */ = {isa = PBXFileReference; lastKnownFileType = wrapper.framework; name = CoreServices.framework; path = System/Library/Frameworks/CoreServices.framework; sourceTree = SDKROOT; };
		BF6D23DE2AF81BDA0026AD54 /* Carbon.framework */ = {isa = PBXFileReference; lastKnownFileType = wrapper.framework; name = Carbon.framework; path = System/Library/Frameworks/Carbon.framework; sourceTree = SDKROOT; };
		BF6D23E02AF820460026AD54 /* CoreFoundation.framework */ = {isa = PBXFileReference; lastKnownFileType = wrapper.framework; name = CoreFoundation.framework; path = System/Library/Frameworks/CoreFoundation.framework; sourceTree = SDKROOT; };
		BF6D23E22AF824C70026AD54 /* audio_io.cpp */ = {isa = PBXFileReference; lastKnownFileType = sourcecode.cpp.cpp; path = audio_io.cpp; sourceTree = "<group>"; };
		BF6D23E32AF824C70026AD54 /* audio_io.hpp */ = {isa = PBXFileReference; lastKnownFileType = sourcecode.cpp.h; path = audio_io.hpp; sourceTree = "<group>"; };
		BF6F1C452AFCEE5D00EA353F /* Synthesizer.cpp */ = {isa = PBXFileReference; lastKnownFileType = sourcecode.cpp.cpp; path = Synthesizer.cpp; sourceTree = "<group>"; };
		BF6F1C462AFCEE5D00EA353F /* Synthesizer.hpp */ = {isa = PBXFileReference; lastKnownFileType = sourcecode.cpp.h; path = Synthesizer.hpp; sourceTree = "<group>"; };
/* End PBXFileReference section */

/* Begin PBXFrameworksBuildPhase section */
		BF6D23C62AF8098A0026AD54 /* Frameworks */ = {
			isa = PBXFrameworksBuildPhase;
			buildActionMask = 2147483647;
			files = (
				BF6D23E12AF820460026AD54 /* CoreFoundation.framework in Frameworks */,
				BF6D23DF2AF81BDA0026AD54 /* Carbon.framework in Frameworks */,
				BF6D23DD2AF81BD10026AD54 /* CoreServices.framework in Frameworks */,
				BF6D23DB2AF81BC50026AD54 /* AudioUnit.framework in Frameworks */,
				BF6D23D92AF81BBA0026AD54 /* AudioToolbox.framework in Frameworks */,
				BFDE8AFA2AF82BA00009808E /* libportaudio.a in Frameworks */,
				BF6D23D72AF81BAF0026AD54 /* CoreAudio.framework in Frameworks */,
			);
			runOnlyForDeploymentPostprocessing = 0;
		};
/* End PBXFrameworksBuildPhase section */

/* Begin PBXGroup section */
		BF6D23C02AF8098A0026AD54 = {
			isa = PBXGroup;
			children = (
				BF6D23CB2AF8098A0026AD54 /* SynthSong */,
				BF6D23CA2AF8098A0026AD54 /* Products */,
				BF6D23D32AF80BD00026AD54 /* Frameworks */,
			);
			sourceTree = "<group>";
		};
		BF6D23CA2AF8098A0026AD54 /* Products */ = {
			isa = PBXGroup;
			children = (
				BF6D23C92AF8098A0026AD54 /* SynthSong */,
			);
			name = Products;
			sourceTree = "<group>";
		};
		BF6D23CB2AF8098A0026AD54 /* SynthSong */ = {
			isa = PBXGroup;
			children = (
				BF6D23CC2AF8098A0026AD54 /* main.cpp */,
				BF6D23E22AF824C70026AD54 /* audio_io.cpp */,
				BF6D23E32AF824C70026AD54 /* audio_io.hpp */,
				BF45FDE32AFAE46000385CC7 /* Oscillator.cpp */,
				BF45FDE42AFAE46000385CC7 /* Oscillator.hpp */,
				BF45FDE72AFAE73A00385CC7 /* Constants.hpp */,
				BF6F1C452AFCEE5D00EA353F /* Synthesizer.cpp */,
				BF6F1C462AFCEE5D00EA353F /* Synthesizer.hpp */,
			);
			path = SynthSong;
			sourceTree = "<group>";
		};
		BF6D23D32AF80BD00026AD54 /* Frameworks */ = {
			isa = PBXGroup;
			children = (
				BF6D23E02AF820460026AD54 /* CoreFoundation.framework */,
				BF6D23DE2AF81BDA0026AD54 /* Carbon.framework */,
				BF6D23DC2AF81BD10026AD54 /* CoreServices.framework */,
				BF6D23DA2AF81BC50026AD54 /* AudioUnit.framework */,
				BF6D23D82AF81BBA0026AD54 /* AudioToolbox.framework */,
				BF6D23D62AF81BAF0026AD54 /* CoreAudio.framework */,
				BF6D23D42AF80BD10026AD54 /* libportaudio.a */,
			);
			name = Frameworks;
			sourceTree = "<group>";
		};
/* End PBXGroup section */

/* Begin PBXNativeTarget section */
		BF6D23C82AF8098A0026AD54 /* SynthSong */ = {
			isa = PBXNativeTarget;
			buildConfigurationList = BF6D23D02AF8098A0026AD54 /* Build configuration list for PBXNativeTarget "SynthSong" */;
			buildPhases = (
				BF6D23C52AF8098A0026AD54 /* Sources */,
				BF6D23C62AF8098A0026AD54 /* Frameworks */,
				BF6D23C72AF8098A0026AD54 /* CopyFiles */,
			);
			buildRules = (
			);
			dependencies = (
			);
			name = SynthSong;
			productName = SynthSong;
			productReference = BF6D23C92AF8098A0026AD54 /* SynthSong */;
			productType = "com.apple.product-type.tool";
		};
/* End PBXNativeTarget section */

/* Begin PBXProject section */
		BF6D23C12AF8098A0026AD54 /* Project object */ = {
			isa = PBXProject;
			attributes = {
				BuildIndependentTargetsInParallel = 1;
				LastUpgradeCheck = 1500;
				TargetAttributes = {
					BF6D23C82AF8098A0026AD54 = {
						CreatedOnToolsVersion = 15.0.1;
					};
				};
			};
			buildConfigurationList = BF6D23C42AF8098A0026AD54 /* Build configuration list for PBXProject "SynthSong" */;
			compatibilityVersion = "Xcode 14.0";
			developmentRegion = en;
			hasScannedForEncodings = 0;
			knownRegions = (
				en,
				Base,
			);
			mainGroup = BF6D23C02AF8098A0026AD54;
			productRefGroup = BF6D23CA2AF8098A0026AD54 /* Products */;
			projectDirPath = "";
			projectRoot = "";
			targets = (
				BF6D23C82AF8098A0026AD54 /* SynthSong */,
			);
		};
/* End PBXProject section */

/* Begin PBXSourcesBuildPhase section */
		BF6D23C52AF8098A0026AD54 /* Sources */ = {
			isa = PBXSourcesBuildPhase;
			buildActionMask = 2147483647;
			files = (
				BF6F1C472AFCEE5D00EA353F /* Synthesizer.cpp in Sources */,
				BF6D23E42AF824C70026AD54 /* audio_io.cpp in Sources */,
				BF6D23CD2AF8098A0026AD54 /* main.cpp in Sources */,
				BF45FDE52AFAE46000385CC7 /* Oscillator.cpp in Sources */,
			);
			runOnlyForDeploymentPostprocessing = 0;
		};
/* End PBXSourcesBuildPhase section */

/* Begin XCBuildConfiguration section */
		BF6D23CE2AF8098A0026AD54 /* Debug */ = {
			isa = XCBuildConfiguration;
			buildSettings = {
				ALWAYS_SEARCH_USER_PATHS = NO;
				ASSETCATALOG_COMPILER_GENERATE_SWIFT_ASSET_SYMBOL_EXTENSIONS = YES;
				CLANG_ANALYZER_NONNULL = YES;
				CLANG_ANALYZER_NUMBER_OBJECT_CONVERSION = YES_AGGRESSIVE;
				CLANG_CXX_LANGUAGE_STANDARD = "gnu++20";
				CLANG_ENABLE_MODULES = YES;
				CLANG_ENABLE_OBJC_ARC = YES;
				CLANG_ENABLE_OBJC_WEAK = YES;
				CLANG_WARN_BLOCK_CAPTURE_AUTORELEASING = YES;
				CLANG_WARN_BOOL_CONVERSION = YES;
				CLANG_WARN_COMMA = YES;
				CLANG_WARN_CONSTANT_CONVERSION = YES;
				CLANG_WARN_DEPRECATED_OBJC_IMPLEMENTATIONS = YES;
				CLANG_WARN_DIRECT_OBJC_ISA_USAGE = YES_ERROR;
				CLANG_WARN_DOCUMENTATION_COMMENTS = YES;
				CLANG_WARN_EMPTY_BODY = YES;
				CLANG_WARN_ENUM_CONVERSION = YES;
				CLANG_WARN_INFINITE_RECURSION = YES;
				CLANG_WARN_INT_CONVERSION = YES;
				CLANG_WARN_NON_LITERAL_NULL_CONVERSION = YES;
				CLANG_WARN_OBJC_IMPLICIT_RETAIN_SELF = YES;
				CLANG_WARN_OBJC_LITERAL_CONVERSION = YES;
				CLANG_WARN_OBJC_ROOT_CLASS = YES_ERROR;
				CLANG_WARN_QUOTED_INCLUDE_IN_FRAMEWORK_HEADER = YES;
				CLANG_WARN_RANGE_LOOP_ANALYSIS = YES;
				CLANG_WARN_STRICT_PROTOTYPES = YES;
				CLANG_WARN_SUSPICIOUS_MOVE = YES;
				CLANG_WARN_UNGUARDED_AVAILABILITY = YES_AGGRESSIVE;
				CLANG_WARN_UNREACHABLE_CODE = YES;
				CLANG_WARN__DUPLICATE_METHOD_MATCH = YES;
				COPY_PHASE_STRIP = NO;
				DEBUG_INFORMATION_FORMAT = dwarf;
				ENABLE_STRICT_OBJC_MSGSEND = YES;
				ENABLE_TESTABILITY = YES;
				ENABLE_USER_SCRIPT_SANDBOXING = YES;
				GCC_C_LANGUAGE_STANDARD = gnu17;
				GCC_DYNAMIC_NO_PIC = NO;
				GCC_NO_COMMON_BLOCKS = YES;
				GCC_OPTIMIZATION_LEVEL = 0;
				GCC_PREPROCESSOR_DEFINITIONS = (
					"DEBUG=1",
					"$(inherited)",
				);
				GCC_WARN_64_TO_32_BIT_CONVERSION = YES;
				GCC_WARN_ABOUT_RETURN_TYPE = YES_ERROR;
				GCC_WARN_UNDECLARED_SELECTOR = YES;
				GCC_WARN_UNINITIALIZED_AUTOS = YES_AGGRESSIVE;
				GCC_WARN_UNUSED_FUNCTION = YES;
				GCC_WARN_UNUSED_VARIABLE = YES;
				LOCALIZATION_PREFERS_STRING_CATALOGS = YES;
				MACOSX_DEPLOYMENT_TARGET = 13.6;
				MTL_ENABLE_DEBUG_INFO = INCLUDE_SOURCE;
				MTL_FAST_MATH = YES;
				ONLY_ACTIVE_ARCH = YES;
				SDKROOT = macosx;
			};
			name = Debug;
		};
		BF6D23CF2AF8098A0026AD54 /* Release */ = {
			isa = XCBuildConfiguration;
			buildSettings = {
				ALWAYS_SEARCH_USER_PATHS = NO;
				ASSETCATALOG_COMPILER_GENERATE_SWIFT_ASSET_SYMBOL_EXTENSIONS = YES;
				CLANG_ANALYZER_NONNULL = YES;
				CLANG_ANALYZER_NUMBER_OBJECT_CONVERSION = YES_AGGRESSIVE;
				CLANG_CXX_LANGUAGE_STANDARD = "gnu++20";
				CLANG_ENABLE_MODULES = YES;
				CLANG_ENABLE_OBJC_ARC = YES;
				CLANG_ENABLE_OBJC_WEAK = YES;
				CLANG_WARN_BLOCK_CAPTURE_AUTORELEASING = YES;
				CLANG_WARN_BOOL_CONVERSION = YES;
				CLANG_WARN_COMMA = YES;
				CLANG_WARN_CONSTANT_CONVERSION = YES;
				CLANG_WARN_DEPRECATED_OBJC_IMPLEMENTATIONS = YES;
				CLANG_WARN_DIRECT_OBJC_ISA_USAGE = YES_ERROR;
				CLANG_WARN_DOCUMENTATION_COMMENTS = YES;
				CLANG_WARN_EMPTY_BODY = YES;
				CLANG_WARN_ENUM_CONVERSION = YES;
				CLANG_WARN_INFINITE_RECURSION = YES;
				CLANG_WARN_INT_CONVERSION = YES;
				CLANG_WARN_NON_LITERAL_NULL_CONVERSION = YES;
				CLANG_WARN_OBJC_IMPLICIT_RETAIN_SELF = YES;
				CLANG_WARN_OBJC_LITERAL_CONVERSION = YES;
				CLANG_WARN_OBJC_ROOT_CLASS = YES_ERROR;
				CLANG_WARN_QUOTED_INCLUDE_IN_FRAMEWORK_HEADER = YES;
				CLANG_WARN_RANGE_LOOP_ANALYSIS = YES;
				CLANG_WARN_STRICT_PROTOTYPES = YES;
				CLANG_WARN_SUSPICIOUS_MOVE = YES;
				CLANG_WARN_UNGUARDED_AVAILABILITY = YES_AGGRESSIVE;
				CLANG_WARN_UNREACHABLE_CODE = YES;
				CLANG_WARN__DUPLICATE_METHOD_MATCH = YES;
				COPY_PHASE_STRIP = NO;
				DEBUG_INFORMATION_FORMAT = "dwarf-with-dsym";
				ENABLE_NS_ASSERTIONS = NO;
				ENABLE_STRICT_OBJC_MSGSEND = YES;
				ENABLE_USER_SCRIPT_SANDBOXING = YES;
				GCC_C_LANGUAGE_STANDARD = gnu17;
				GCC_NO_COMMON_BLOCKS = YES;
				GCC_WARN_64_TO_32_BIT_CONVERSION = YES;
				GCC_WARN_ABOUT_RETURN_TYPE = YES_ERROR;
				GCC_WARN_UNDECLARED_SELECTOR = YES;
				GCC_WARN_UNINITIALIZED_AUTOS = YES_AGGRESSIVE;
				GCC_WARN_UNUSED_FUNCTION = YES;
				GCC_WARN_UNUSED_VARIABLE = YES;
				LOCALIZATION_PREFERS_STRING_CATALOGS = YES;
				MACOSX_DEPLOYMENT_TARGET = 13.6;
				MTL_ENABLE_DEBUG_INFO = NO;
				MTL_FAST_MATH = YES;
				SDKROOT = macosx;
			};
			name = Release;
		};
		BF6D23D12AF8098A0026AD54 /* Debug */ = {
			isa = XCBuildConfiguration;
			buildSettings = {
				CODE_SIGN_STYLE = Automatic;
				"HEADER_SEARCH_PATHS[arch=*]" = /usr/local/include;
				"LIBRARY_SEARCH_PATHS[arch=*]" = /usr/local/lib;
				ONLY_ACTIVE_ARCH = YES;
				PRODUCT_NAME = "$(TARGET_NAME)";
			};
			name = Debug;
		};
		BF6D23D22AF8098A0026AD54 /* Release */ = {
			isa = XCBuildConfiguration;
			buildSettings = {
				CODE_SIGN_STYLE = Automatic;
				"HEADER_SEARCH_PATHS[arch=*]" = /usr/local/include;
				"LIBRARY_SEARCH_PATHS[arch=*]" = /usr/local/lib;
				PRODUCT_NAME = "$(TARGET_NAME)";
			};
			name = Release;
		};
/* End XCBuildConfiguration section */

/* Begin XCConfigurationList section */
		BF6D23C42AF8098A0026AD54 /* Build configuration list for PBXProject "SynthSong" */ = {
			isa = XCConfigurationList;
			buildConfigurations = (
				BF6D23CE2AF8098A0026AD54 /* Debug */,
				BF6D23CF2AF8098A0026AD54 /* Release */,
			);
			defaultConfigurationIsVisible = 0;
			defaultConfigurationName = Release;
		};
		BF6D23D02AF8098A0026AD54 /* Build configuration list for PBXNativeTarget "SynthSong" */ = {
			isa = XCConfigurationList;
			buildConfigurations = (
				BF6D23D12AF8098A0026AD54 /* Debug */,
				BF6D23D22AF8098A0026AD54 /* Release */,
			);
			defaultConfigurationIsVisible = 0;
			defaultConfigurationName = Release;
		};
/* End XCConfigurationList section */
	};
	rootObject = BF6D23C12AF8098A0026AD54 /* Project object */;
}
