// !$*UTF8*$!
{
	archiveVersion = 1;
	classes = {
	};
	objectVersion = 56;
	objects = {

/* Begin PBXBuildFile section */
		BF0C721E2B2F2889000FF5D9 /* Synth.cpp in Sources */ = {isa = PBXBuildFile; fileRef = BF0C721C2B2F2889000FF5D9 /* Synth.cpp */; };
		BF0C72212B2F66C6000FF5D9 /* AnalogSynth.cpp in Sources */ = {isa = PBXBuildFile; fileRef = BF0C721F2B2F66C6000FF5D9 /* AnalogSynth.cpp */; };
		BF64F6E92B1DDED6006DA45A /* Oscillator.cpp in Sources */ = {isa = PBXBuildFile; fileRef = BF64F6E72B1DDED6006DA45A /* Oscillator.cpp */; };
		BF79969E2B306EB400D87A5E /* UI.cpp in Sources */ = {isa = PBXBuildFile; fileRef = BF79969C2B306EB400D87A5E /* UI.cpp */; };
		BF8C1C912B1604F400798131 /* main.cpp in Sources */ = {isa = PBXBuildFile; fileRef = BF8C1C902B1604F400798131 /* main.cpp */; };
		BFB451502B38D841002515B8 /* midi_io.cpp in Sources */ = {isa = PBXBuildFile; fileRef = BFB4514E2B38D841002515B8 /* midi_io.cpp */; };
		BFC40FDF2B30E8C5006DADA1 /* Melody.cpp in Sources */ = {isa = PBXBuildFile; fileRef = BFC40FDD2B30E8C5006DADA1 /* Melody.cpp */; };
		BFE7B1BD2B2F8E0F00A5E7A9 /* FMSynth.cpp in Sources */ = {isa = PBXBuildFile; fileRef = BFE7B1BB2B2F8E0F00A5E7A9 /* FMSynth.cpp */; };
/* End PBXBuildFile section */

/* Begin PBXCopyFilesBuildPhase section */
		BF8C1C8B2B1604F400798131 /* CopyFiles */ = {
			isa = PBXCopyFilesBuildPhase;
			buildActionMask = 2147483647;
			dstPath = /usr/share/man/man1/;
			dstSubfolderSpec = 0;
			files = (
			);
			runOnlyForDeploymentPostprocessing = 1;
		};
/* End PBXCopyFilesBuildPhase section */

/* Begin PBXFileReference section */
		BF0C721C2B2F2889000FF5D9 /* Synth.cpp */ = {isa = PBXFileReference; lastKnownFileType = sourcecode.cpp.cpp; path = Synth.cpp; sourceTree = "<group>"; };
		BF0C721D2B2F2889000FF5D9 /* Synth.hpp */ = {isa = PBXFileReference; lastKnownFileType = sourcecode.cpp.h; path = Synth.hpp; sourceTree = "<group>"; };
		BF0C721F2B2F66C6000FF5D9 /* AnalogSynth.cpp */ = {isa = PBXFileReference; lastKnownFileType = sourcecode.cpp.cpp; path = AnalogSynth.cpp; sourceTree = "<group>"; };
		BF0C72202B2F66C6000FF5D9 /* AnalogSynth.hpp */ = {isa = PBXFileReference; lastKnownFileType = sourcecode.cpp.h; path = AnalogSynth.hpp; sourceTree = "<group>"; };
		BF313C8E2B3A2F7000FB0671 /* midi_io.h */ = {isa = PBXFileReference; lastKnownFileType = sourcecode.c.h; path = midi_io.h; sourceTree = "<group>"; };
		BF64F6E72B1DDED6006DA45A /* Oscillator.cpp */ = {isa = PBXFileReference; lastKnownFileType = sourcecode.cpp.cpp; path = Oscillator.cpp; sourceTree = "<group>"; };
		BF64F6E82B1DDED6006DA45A /* Oscillator.hpp */ = {isa = PBXFileReference; lastKnownFileType = sourcecode.cpp.h; path = Oscillator.hpp; sourceTree = "<group>"; };
		BF79969C2B306EB400D87A5E /* UI.cpp */ = {isa = PBXFileReference; lastKnownFileType = sourcecode.cpp.cpp; path = UI.cpp; sourceTree = "<group>"; };
		BF79969D2B306EB400D87A5E /* UI.hpp */ = {isa = PBXFileReference; lastKnownFileType = sourcecode.cpp.h; path = UI.hpp; sourceTree = "<group>"; };
		BF8C1C8D2B1604F400798131 /* SynthSong_JACK_rewrite */ = {isa = PBXFileReference; explicitFileType = "compiled.mach-o.executable"; includeInIndex = 0; path = SynthSong_JACK_rewrite; sourceTree = BUILT_PRODUCTS_DIR; };
		BF8C1C902B1604F400798131 /* main.cpp */ = {isa = PBXFileReference; lastKnownFileType = sourcecode.cpp.cpp; path = main.cpp; sourceTree = "<group>"; };
		BF8C1C972B16056400798131 /* jack_module.h */ = {isa = PBXFileReference; lastKnownFileType = sourcecode.c.h; path = jack_module.h; sourceTree = "<group>"; };
		BFB4514E2B38D841002515B8 /* midi_io.cpp */ = {isa = PBXFileReference; lastKnownFileType = sourcecode.cpp.cpp; path = midi_io.cpp; sourceTree = "<group>"; };
		BFC40FDD2B30E8C5006DADA1 /* Melody.cpp */ = {isa = PBXFileReference; lastKnownFileType = sourcecode.cpp.cpp; path = Melody.cpp; sourceTree = "<group>"; };
		BFC40FDE2B30E8C5006DADA1 /* Melody.hpp */ = {isa = PBXFileReference; lastKnownFileType = sourcecode.cpp.h; path = Melody.hpp; sourceTree = "<group>"; };
		BFE7B1BA2B2F8B6200A5E7A9 /* CustomCallback.h */ = {isa = PBXFileReference; lastKnownFileType = sourcecode.c.h; path = CustomCallback.h; sourceTree = "<group>"; };
		BFE7B1BB2B2F8E0F00A5E7A9 /* FMSynth.cpp */ = {isa = PBXFileReference; lastKnownFileType = sourcecode.cpp.cpp; path = FMSynth.cpp; sourceTree = "<group>"; };
		BFE7B1BC2B2F8E0F00A5E7A9 /* FMSynth.hpp */ = {isa = PBXFileReference; lastKnownFileType = sourcecode.cpp.h; path = FMSynth.hpp; sourceTree = "<group>"; };
/* End PBXFileReference section */

/* Begin PBXFrameworksBuildPhase section */
		BF8C1C8A2B1604F400798131 /* Frameworks */ = {
			isa = PBXFrameworksBuildPhase;
			buildActionMask = 2147483647;
			files = (
			);
			runOnlyForDeploymentPostprocessing = 0;
		};
/* End PBXFrameworksBuildPhase section */

/* Begin PBXGroup section */
		BF8C1C842B1604F400798131 = {
			isa = PBXGroup;
			children = (
				BF8C1C8F2B1604F400798131 /* SynthSong_JACK_rewrite */,
				BF8C1C8E2B1604F400798131 /* Products */,
			);
			sourceTree = "<group>";
		};
		BF8C1C8E2B1604F400798131 /* Products */ = {
			isa = PBXGroup;
			children = (
				BF8C1C8D2B1604F400798131 /* SynthSong_JACK_rewrite */,
			);
			name = Products;
			sourceTree = "<group>";
		};
		BF8C1C8F2B1604F400798131 /* SynthSong_JACK_rewrite */ = {
			isa = PBXGroup;
			children = (
				BF8C1C902B1604F400798131 /* main.cpp */,
				BF8C1C972B16056400798131 /* jack_module.h */,
				BF64F6E72B1DDED6006DA45A /* Oscillator.cpp */,
				BF64F6E82B1DDED6006DA45A /* Oscillator.hpp */,
				BF0C721C2B2F2889000FF5D9 /* Synth.cpp */,
				BF0C721D2B2F2889000FF5D9 /* Synth.hpp */,
				BF0C721F2B2F66C6000FF5D9 /* AnalogSynth.cpp */,
				BF0C72202B2F66C6000FF5D9 /* AnalogSynth.hpp */,
				BFE7B1BA2B2F8B6200A5E7A9 /* CustomCallback.h */,
				BFE7B1BB2B2F8E0F00A5E7A9 /* FMSynth.cpp */,
				BFE7B1BC2B2F8E0F00A5E7A9 /* FMSynth.hpp */,
				BF79969C2B306EB400D87A5E /* UI.cpp */,
				BF79969D2B306EB400D87A5E /* UI.hpp */,
				BFC40FDD2B30E8C5006DADA1 /* Melody.cpp */,
				BFC40FDE2B30E8C5006DADA1 /* Melody.hpp */,
				BFB4514E2B38D841002515B8 /* midi_io.cpp */,
				BF313C8E2B3A2F7000FB0671 /* midi_io.h */,
			);
			path = SynthSong_JACK_rewrite;
			sourceTree = "<group>";
		};
/* End PBXGroup section */

/* Begin PBXNativeTarget section */
		BF8C1C8C2B1604F400798131 /* SynthSong_JACK_rewrite */ = {
			isa = PBXNativeTarget;
			buildConfigurationList = BF8C1C942B1604F400798131 /* Build configuration list for PBXNativeTarget "SynthSong_JACK_rewrite" */;
			buildPhases = (
				BF8C1C892B1604F400798131 /* Sources */,
				BF8C1C8A2B1604F400798131 /* Frameworks */,
				BF8C1C8B2B1604F400798131 /* CopyFiles */,
			);
			buildRules = (
			);
			dependencies = (
			);
			name = SynthSong_JACK_rewrite;
			productName = SynthSong_JACK_rewrite;
			productReference = BF8C1C8D2B1604F400798131 /* SynthSong_JACK_rewrite */;
			productType = "com.apple.product-type.tool";
		};
/* End PBXNativeTarget section */

/* Begin PBXProject section */
		BF8C1C852B1604F400798131 /* Project object */ = {
			isa = PBXProject;
			attributes = {
				BuildIndependentTargetsInParallel = 1;
				LastUpgradeCheck = 1500;
				TargetAttributes = {
					BF8C1C8C2B1604F400798131 = {
						CreatedOnToolsVersion = 15.0.1;
					};
				};
			};
			buildConfigurationList = BF8C1C882B1604F400798131 /* Build configuration list for PBXProject "SynthSong_JACK_rewrite" */;
			compatibilityVersion = "Xcode 14.0";
			developmentRegion = en;
			hasScannedForEncodings = 0;
			knownRegions = (
				en,
				Base,
			);
			mainGroup = BF8C1C842B1604F400798131;
			productRefGroup = BF8C1C8E2B1604F400798131 /* Products */;
			projectDirPath = "";
			projectRoot = "";
			targets = (
				BF8C1C8C2B1604F400798131 /* SynthSong_JACK_rewrite */,
			);
		};
/* End PBXProject section */

/* Begin PBXSourcesBuildPhase section */
		BF8C1C892B1604F400798131 /* Sources */ = {
			isa = PBXSourcesBuildPhase;
			buildActionMask = 2147483647;
			files = (
				BFE7B1BD2B2F8E0F00A5E7A9 /* FMSynth.cpp in Sources */,
				BF79969E2B306EB400D87A5E /* UI.cpp in Sources */,
				BF0C72212B2F66C6000FF5D9 /* AnalogSynth.cpp in Sources */,
				BFC40FDF2B30E8C5006DADA1 /* Melody.cpp in Sources */,
				BF8C1C912B1604F400798131 /* main.cpp in Sources */,
				BF64F6E92B1DDED6006DA45A /* Oscillator.cpp in Sources */,
				BFB451502B38D841002515B8 /* midi_io.cpp in Sources */,
				BF0C721E2B2F2889000FF5D9 /* Synth.cpp in Sources */,
			);
			runOnlyForDeploymentPostprocessing = 0;
		};
/* End PBXSourcesBuildPhase section */

/* Begin XCBuildConfiguration section */
		BF8C1C922B1604F400798131 /* Debug */ = {
			isa = XCBuildConfiguration;
			buildSettings = {
				ALWAYS_SEARCH_USER_PATHS = NO;
				ASSETCATALOG_COMPILER_GENERATE_SWIFT_ASSET_SYMBOL_EXTENSIONS = YES;
				CLANG_ANALYZER_NONNULL = YES;
				CLANG_ANALYZER_NUMBER_OBJECT_CONVERSION = YES_AGGRESSIVE;
				CLANG_CXX_LANGUAGE_STANDARD = "gnu++20";
				CLANG_ENABLE_MODULES = YES;
				CLANG_ENABLE_OBJC_ARC = YES;
				CLANG_ENABLE_OBJC_WEAK = YES;
				CLANG_WARN_BLOCK_CAPTURE_AUTORELEASING = YES;
				CLANG_WARN_BOOL_CONVERSION = YES;
				CLANG_WARN_COMMA = YES;
				CLANG_WARN_CONSTANT_CONVERSION = YES;
				CLANG_WARN_DEPRECATED_OBJC_IMPLEMENTATIONS = YES;
				CLANG_WARN_DIRECT_OBJC_ISA_USAGE = YES_ERROR;
				CLANG_WARN_DOCUMENTATION_COMMENTS = YES;
				CLANG_WARN_EMPTY_BODY = YES;
				CLANG_WARN_ENUM_CONVERSION = YES;
				CLANG_WARN_INFINITE_RECURSION = YES;
				CLANG_WARN_INT_CONVERSION = YES;
				CLANG_WARN_NON_LITERAL_NULL_CONVERSION = YES;
				CLANG_WARN_OBJC_IMPLICIT_RETAIN_SELF = YES;
				CLANG_WARN_OBJC_LITERAL_CONVERSION = YES;
				CLANG_WARN_OBJC_ROOT_CLASS = YES_ERROR;
				CLANG_WARN_QUOTED_INCLUDE_IN_FRAMEWORK_HEADER = YES;
				CLANG_WARN_RANGE_LOOP_ANALYSIS = YES;
				CLANG_WARN_STRICT_PROTOTYPES = YES;
				CLANG_WARN_SUSPICIOUS_MOVE = YES;
				CLANG_WARN_UNGUARDED_AVAILABILITY = YES_AGGRESSIVE;
				CLANG_WARN_UNREACHABLE_CODE = YES;
				CLANG_WARN__DUPLICATE_METHOD_MATCH = YES;
				COPY_PHASE_STRIP = NO;
				DEBUG_INFORMATION_FORMAT = dwarf;
				ENABLE_STRICT_OBJC_MSGSEND = YES;
				ENABLE_TESTABILITY = YES;
				ENABLE_USER_SCRIPT_SANDBOXING = YES;
				GCC_C_LANGUAGE_STANDARD = gnu17;
				GCC_DYNAMIC_NO_PIC = NO;
				GCC_NO_COMMON_BLOCKS = YES;
				GCC_OPTIMIZATION_LEVEL = 0;
				GCC_PREPROCESSOR_DEFINITIONS = (
					"DEBUG=1",
					"$(inherited)",
				);
				GCC_WARN_64_TO_32_BIT_CONVERSION = YES;
				GCC_WARN_ABOUT_RETURN_TYPE = YES_ERROR;
				GCC_WARN_UNDECLARED_SELECTOR = YES;
				GCC_WARN_UNINITIALIZED_AUTOS = YES_AGGRESSIVE;
				GCC_WARN_UNUSED_FUNCTION = YES;
				GCC_WARN_UNUSED_VARIABLE = YES;
				LOCALIZATION_PREFERS_STRING_CATALOGS = YES;
				MACOSX_DEPLOYMENT_TARGET = 13.6;
				MTL_ENABLE_DEBUG_INFO = INCLUDE_SOURCE;
				MTL_FAST_MATH = YES;
				ONLY_ACTIVE_ARCH = YES;
				SDKROOT = macosx;
			};
			name = Debug;
		};
		BF8C1C932B1604F400798131 /* Release */ = {
			isa = XCBuildConfiguration;
			buildSettings = {
				ALWAYS_SEARCH_USER_PATHS = NO;
				ASSETCATALOG_COMPILER_GENERATE_SWIFT_ASSET_SYMBOL_EXTENSIONS = YES;
				CLANG_ANALYZER_NONNULL = YES;
				CLANG_ANALYZER_NUMBER_OBJECT_CONVERSION = YES_AGGRESSIVE;
				CLANG_CXX_LANGUAGE_STANDARD = "gnu++20";
				CLANG_ENABLE_MODULES = YES;
				CLANG_ENABLE_OBJC_ARC = YES;
				CLANG_ENABLE_OBJC_WEAK = YES;
				CLANG_WARN_BLOCK_CAPTURE_AUTORELEASING = YES;
				CLANG_WARN_BOOL_CONVERSION = YES;
				CLANG_WARN_COMMA = YES;
				CLANG_WARN_CONSTANT_CONVERSION = YES;
				CLANG_WARN_DEPRECATED_OBJC_IMPLEMENTATIONS = YES;
				CLANG_WARN_DIRECT_OBJC_ISA_USAGE = YES_ERROR;
				CLANG_WARN_DOCUMENTATION_COMMENTS = YES;
				CLANG_WARN_EMPTY_BODY = YES;
				CLANG_WARN_ENUM_CONVERSION = YES;
				CLANG_WARN_INFINITE_RECURSION = YES;
				CLANG_WARN_INT_CONVERSION = YES;
				CLANG_WARN_NON_LITERAL_NULL_CONVERSION = YES;
				CLANG_WARN_OBJC_IMPLICIT_RETAIN_SELF = YES;
				CLANG_WARN_OBJC_LITERAL_CONVERSION = YES;
				CLANG_WARN_OBJC_ROOT_CLASS = YES_ERROR;
				CLANG_WARN_QUOTED_INCLUDE_IN_FRAMEWORK_HEADER = YES;
				CLANG_WARN_RANGE_LOOP_ANALYSIS = YES;
				CLANG_WARN_STRICT_PROTOTYPES = YES;
				CLANG_WARN_SUSPICIOUS_MOVE = YES;
				CLANG_WARN_UNGUARDED_AVAILABILITY = YES_AGGRESSIVE;
				CLANG_WARN_UNREACHABLE_CODE = YES;
				CLANG_WARN__DUPLICATE_METHOD_MATCH = YES;
				COPY_PHASE_STRIP = NO;
				DEBUG_INFORMATION_FORMAT = "dwarf-with-dsym";
				ENABLE_NS_ASSERTIONS = NO;
				ENABLE_STRICT_OBJC_MSGSEND = YES;
				ENABLE_USER_SCRIPT_SANDBOXING = YES;
				GCC_C_LANGUAGE_STANDARD = gnu17;
				GCC_NO_COMMON_BLOCKS = YES;
				GCC_WARN_64_TO_32_BIT_CONVERSION = YES;
				GCC_WARN_ABOUT_RETURN_TYPE = YES_ERROR;
				GCC_WARN_UNDECLARED_SELECTOR = YES;
				GCC_WARN_UNINITIALIZED_AUTOS = YES_AGGRESSIVE;
				GCC_WARN_UNUSED_FUNCTION = YES;
				GCC_WARN_UNUSED_VARIABLE = YES;
				LOCALIZATION_PREFERS_STRING_CATALOGS = YES;
				MACOSX_DEPLOYMENT_TARGET = 13.6;
				MTL_ENABLE_DEBUG_INFO = NO;
				MTL_FAST_MATH = YES;
				SDKROOT = macosx;
			};
			name = Release;
		};
		BF8C1C952B1604F400798131 /* Debug */ = {
			isa = XCBuildConfiguration;
			buildSettings = {
				CODE_SIGN_STYLE = Automatic;
				HEADER_SEARCH_PATHS = "";
				PRODUCT_NAME = "$(TARGET_NAME)";
				SYSTEM_HEADER_SEARCH_PATHS = /usr/local/include/;
				USER_HEADER_SEARCH_PATHS = /usr/local/include/jack;
			};
			name = Debug;
		};
		BF8C1C962B1604F400798131 /* Release */ = {
			isa = XCBuildConfiguration;
			buildSettings = {
				CODE_SIGN_STYLE = Automatic;
				HEADER_SEARCH_PATHS = "";
				PRODUCT_NAME = "$(TARGET_NAME)";
				SYSTEM_HEADER_SEARCH_PATHS = /usr/local/include/;
				USER_HEADER_SEARCH_PATHS = /usr/local/include/jack;
			};
			name = Release;
		};
/* End XCBuildConfiguration section */

/* Begin XCConfigurationList section */
		BF8C1C882B1604F400798131 /* Build configuration list for PBXProject "SynthSong_JACK_rewrite" */ = {
			isa = XCConfigurationList;
			buildConfigurations = (
				BF8C1C922B1604F400798131 /* Debug */,
				BF8C1C932B1604F400798131 /* Release */,
			);
			defaultConfigurationIsVisible = 0;
			defaultConfigurationName = Release;
		};
		BF8C1C942B1604F400798131 /* Build configuration list for PBXNativeTarget "SynthSong_JACK_rewrite" */ = {
			isa = XCConfigurationList;
			buildConfigurations = (
				BF8C1C952B1604F400798131 /* Debug */,
				BF8C1C962B1604F400798131 /* Release */,
			);
			defaultConfigurationIsVisible = 0;
			defaultConfigurationName = Release;
		};
/* End XCConfigurationList section */
	};
	rootObject = BF8C1C852B1604F400798131 /* Project object */;
}
